
Microsoft Visual Studio Solution File, Format Version 12.00
# Visual Studio Version 17
VisualStudioVersion = 17.9.34622.214
MinimumVisualStudioVersion = 10.0.40219.1
Project("{FAE04EC0-301F-11D3-BF4B-00C04F79EFBC}") = "ClassLibrary1", "ClassLibrary1\ClassLibrary1.csproj", "{63ACC56B-62BA-4847-A2AF-6E2EC09558B7}"
EndProject
Project("{FAE04EC0-301F-11D3-BF4B-00C04F79EFBC}") = "TestProject1", "TestProject1\TestProject1.csproj", "{3F7E36F6-FC7F-4AF3-BB06-FC4D3AED5B1C}"
EndProject
Global
	GlobalSection(SolutionConfigurationPlatforms) = preSolution
		Debug|Any CPU = Debug|Any CPU
		Release|Any CPU = Release|Any CPU
	EndGlobalSection
	GlobalSection(ProjectConfigurationPlatforms) = postSolution
		{63ACC56B-62BA-4847-A2AF-6E2EC09558B7}.Debug|Any CPU.ActiveCfg = Debug|Any CPU
		{63ACC56B-62BA-4847-A2AF-6E2EC09558B7}.Debug|Any CPU.Build.0 = Debug|Any CPU
		{63ACC56B-62BA-4847-A2AF-6E2EC09558B7}.Release|Any CPU.ActiveCfg = Release|Any CPU
		{63ACC56B-62BA-4847-A2AF-6E2EC09558B7}.Release|Any CPU.Build.0 = Release|Any CPU
		{3F7E36F6-FC7F-4AF3-BB06-FC4D3AED5B1C}.Debug|Any CPU.ActiveCfg = Debug|Any CPU
		{3F7E36F6-FC7F-4AF3-BB06-FC4D3AED5B1C}.Debug|Any CPU.Build.0 = Debug|Any CPU
		{3F7E36F6-FC7F-4AF3-BB06-FC4D3AED5B1C}.Release|Any CPU.ActiveCfg = Release|Any CPU
		{3F7E36F6-FC7F-4AF3-BB06-FC4D3AED5B1C}.Release|Any CPU.Build.0 = Release|Any CPU
	EndGlobalSection
	GlobalSection(SolutionProperties) = preSolution
		HideSolutionNode = FALSE
	EndGlobalSection
	GlobalSection(ExtensibilityGlobals) = postSolution
		SolutionGuid = {1E2D6A7E-6C23-445D-81A0-C0B5E3914D0D}
	EndGlobalSection
EndGlobal
